
Microsoft Visual Studio Solution File, Format Version 12.00
# Visual Studio Version 17
VisualStudioVersion = 17.10.35122.118
MinimumVisualStudioVersion = 10.0.40219.1
Project("{9A19103F-16F7-4668-BE54-9A1E7A4F7556}") = "WinFormsApp", "WinFormsApp\WinFormsApp.csproj", "{FD4D743A-01B1-4639-931A-76E0E82FD6FB}"
EndProject
Project("{9A19103F-16F7-4668-BE54-9A1E7A4F7556}") = "Logic", "Logic\Logic.csproj", "{F8E4DDB4-9657-4BC4-BF34-E45621F04C78}"
EndProject
Global
	GlobalSection(SolutionConfigurationPlatforms) = preSolution
		Debug|Any CPU = Debug|Any CPU
		Release|Any CPU = Release|Any CPU
	EndGlobalSection
	GlobalSection(ProjectConfigurationPlatforms) = postSolution
		{FD4D743A-01B1-4639-931A-76E0E82FD6FB}.Debug|Any CPU.ActiveCfg = Debug|Any CPU
		{FD4D743A-01B1-4639-931A-76E0E82FD6FB}.Debug|Any CPU.Build.0 = Debug|Any CPU
		{FD4D743A-01B1-4639-931A-76E0E82FD6FB}.Release|Any CPU.ActiveCfg = Release|Any CPU
		{FD4D743A-01B1-4639-931A-76E0E82FD6FB}.Release|Any CPU.Build.0 = Release|Any CPU
		{F8E4DDB4-9657-4BC4-BF34-E45621F04C78}.Debug|Any CPU.ActiveCfg = Debug|Any CPU
		{F8E4DDB4-9657-4BC4-BF34-E45621F04C78}.Debug|Any CPU.Build.0 = Debug|Any CPU
		{F8E4DDB4-9657-4BC4-BF34-E45621F04C78}.Release|Any CPU.ActiveCfg = Release|Any CPU
		{F8E4DDB4-9657-4BC4-BF34-E45621F04C78}.Release|Any CPU.Build.0 = Release|Any CPU
	EndGlobalSection
	GlobalSection(SolutionProperties) = preSolution
		HideSolutionNode = FALSE
	EndGlobalSection
	GlobalSection(ExtensibilityGlobals) = postSolution
		SolutionGuid = {28C9EF73-75D0-4912-9B9F-8EE5306FAB1E}
	EndGlobalSection
EndGlobal
